// !$*UTF8*$!
{
	archiveVersion = 1;
	classes = {
	};
	objectVersion = 45;
	objects = {

/* Begin PBXBuildFile section */
		C32A846111145A61004AD8CC /* logging.c in Sources */ = {isa = PBXBuildFile; fileRef = C32A845B11145A61004AD8CC /* logging.c */; };
		C32A846211145A61004AD8CC /* map.c in Sources */ = {isa = PBXBuildFile; fileRef = C32A845C11145A61004AD8CC /* map.c */; };
		C32A846311145A61004AD8CC /* memory.c in Sources */ = {isa = PBXBuildFile; fileRef = C32A845D11145A61004AD8CC /* memory.c */; };
		C32A846411145A61004AD8CC /* profiling.c in Sources */ = {isa = PBXBuildFile; fileRef = C32A845E11145A61004AD8CC /* profiling.c */; };
		C32A846511145A61004AD8CC /* session.c in Sources */ = {isa = PBXBuildFile; fileRef = C32A845F11145A61004AD8CC /* session.c */; };
		C32A846611145A61004AD8CC /* symbol.c in Sources */ = {isa = PBXBuildFile; fileRef = C32A846011145A61004AD8CC /* symbol.c */; };
		C32A847011145A6A004AD8CC /* compute.h in Headers */ = {isa = PBXBuildFile; fileRef = C32A846811145A6A004AD8CC /* compute.h */; };
		C32A847111145A6A004AD8CC /* logging.h in Headers */ = {isa = PBXBuildFile; fileRef = C32A846911145A6A004AD8CC /* logging.h */; };
		C32A847211145A6A004AD8CC /* map.h in Headers */ = {isa = PBXBuildFile; fileRef = C32A846A11145A6A004AD8CC /* map.h */; };
		C32A847311145A6A004AD8CC /* memory.h in Headers */ = {isa = PBXBuildFile; fileRef = C32A846B11145A6A004AD8CC /* memory.h */; };
		C32A847411145A6A004AD8CC /* platform.h in Headers */ = {isa = PBXBuildFile; fileRef = C32A846C11145A6A004AD8CC /* platform.h */; };
		C32A847511145A6A004AD8CC /* profiling.h in Headers */ = {isa = PBXBuildFile; fileRef = C32A846D11145A6A004AD8CC /* profiling.h */; };
		C32A847611145A6A004AD8CC /* session.h in Headers */ = {isa = PBXBuildFile; fileRef = C32A846E11145A6A004AD8CC /* session.h */; };
		C32A847711145A6A004AD8CC /* symbol.h in Headers */ = {isa = PBXBuildFile; fileRef = C32A846F11145A6A004AD8CC /* symbol.h */; };
		C32A848111145B47004AD8CC /* OpenCL.framework in Frameworks */ = {isa = PBXBuildFile; fileRef = C32A848011145B47004AD8CC /* OpenCL.framework */; };
/* End PBXBuildFile section */

/* Begin PBXFileReference section */
		C32A845B11145A61004AD8CC /* logging.c */ = {isa = PBXFileReference; fileEncoding = 4; lastKnownFileType = sourcecode.c.c; name = logging.c; path = ../source/logging.c; sourceTree = SOURCE_ROOT; };
		C32A845C11145A61004AD8CC /* map.c */ = {isa = PBXFileReference; fileEncoding = 4; lastKnownFileType = sourcecode.c.c; name = map.c; path = ../source/map.c; sourceTree = SOURCE_ROOT; };
		C32A845D11145A61004AD8CC /* memory.c */ = {isa = PBXFileReference; fileEncoding = 4; lastKnownFileType = sourcecode.c.c; name = memory.c; path = ../source/memory.c; sourceTree = SOURCE_ROOT; };
		C32A845E11145A61004AD8CC /* profiling.c */ = {isa = PBXFileReference; fileEncoding = 4; lastKnownFileType = sourcecode.c.c; name = profiling.c; path = ../source/profiling.c; sourceTree = SOURCE_ROOT; };
		C32A845F11145A61004AD8CC /* session.c */ = {isa = PBXFileReference; fileEncoding = 4; lastKnownFileType = sourcecode.c.c; name = session.c; path = ../source/session.c; sourceTree = SOURCE_ROOT; };
		C32A846011145A61004AD8CC /* symbol.c */ = {isa = PBXFileReference; fileEncoding = 4; lastKnownFileType = sourcecode.c.c; name = symbol.c; path = ../source/symbol.c; sourceTree = SOURCE_ROOT; };
		C32A846811145A6A004AD8CC /* compute.h */ = {isa = PBXFileReference; fileEncoding = 4; lastKnownFileType = sourcecode.c.h; path = compute.h; sourceTree = "<group>"; };
		C32A846911145A6A004AD8CC /* logging.h */ = {isa = PBXFileReference; fileEncoding = 4; lastKnownFileType = sourcecode.c.h; path = logging.h; sourceTree = "<group>"; };
		C32A846A11145A6A004AD8CC /* map.h */ = {isa = PBXFileReference; fileEncoding = 4; lastKnownFileType = sourcecode.c.h; path = map.h; sourceTree = "<group>"; };
		C32A846B11145A6A004AD8CC /* memory.h */ = {isa = PBXFileReference; fileEncoding = 4; lastKnownFileType = sourcecode.c.h; path = memory.h; sourceTree = "<group>"; };
		C32A846C11145A6A004AD8CC /* platform.h */ = {isa = PBXFileReference; fileEncoding = 4; lastKnownFileType = sourcecode.c.h; path = platform.h; sourceTree = "<group>"; };
		C32A846D11145A6A004AD8CC /* profiling.h */ = {isa = PBXFileReference; fileEncoding = 4; lastKnownFileType = sourcecode.c.h; path = profiling.h; sourceTree = "<group>"; };
		C32A846E11145A6A004AD8CC /* session.h */ = {isa = PBXFileReference; fileEncoding = 4; lastKnownFileType = sourcecode.c.h; path = session.h; sourceTree = "<group>"; };
		C32A846F11145A6A004AD8CC /* symbol.h */ = {isa = PBXFileReference; fileEncoding = 4; lastKnownFileType = sourcecode.c.h; path = symbol.h; sourceTree = "<group>"; };
		C32A848011145B47004AD8CC /* OpenCL.framework */ = {isa = PBXFileReference; lastKnownFileType = wrapper.framework; name = OpenCL.framework; path = /System/Library/Frameworks/OpenCL.framework; sourceTree = "<absolute>"; };
		D2AAC0630554660B00DB518D /* libcompute.dylib */ = {isa = PBXFileReference; explicitFileType = "compiled.mach-o.dylib"; includeInIndex = 0; path = libcompute.dylib; sourceTree = BUILT_PRODUCTS_DIR; };
/* End PBXFileReference section */

/* Begin PBXFrameworksBuildPhase section */
		D289988505E68E00004EDB86 /* Frameworks */ = {
			isa = PBXFrameworksBuildPhase;
			buildActionMask = 2147483647;
			files = (
				C32A848111145B47004AD8CC /* OpenCL.framework in Frameworks */,
			);
			runOnlyForDeploymentPostprocessing = 0;
		};
/* End PBXFrameworksBuildPhase section */

/* Begin PBXGroup section */
		08FB7794FE84155DC02AAC07 /* compute */ = {
			isa = PBXGroup;
			children = (
				C32A849711145B63004AD8CC /* Frameworks */,
				C32A846711145A6A004AD8CC /* Headers */,
				08FB7795FE84155DC02AAC07 /* Source */,
				1AB674ADFE9D54B511CA2CBB /* Products */,
			);
			name = compute;
			sourceTree = "<group>";
		};
		08FB7795FE84155DC02AAC07 /* Source */ = {
			isa = PBXGroup;
			children = (
				C32A845B11145A61004AD8CC /* logging.c */,
				C32A845C11145A61004AD8CC /* map.c */,
				C32A845D11145A61004AD8CC /* memory.c */,
				C32A845E11145A61004AD8CC /* profiling.c */,
				C32A845F11145A61004AD8CC /* session.c */,
				C32A846011145A61004AD8CC /* symbol.c */,
			);
			name = Source;
			sourceTree = "<group>";
		};
		1AB674ADFE9D54B511CA2CBB /* Products */ = {
			isa = PBXGroup;
			children = (
				D2AAC0630554660B00DB518D /* libcompute.dylib */,
			);
			name = Products;
			sourceTree = "<group>";
		};
		C32A846711145A6A004AD8CC /* Headers */ = {
			isa = PBXGroup;
			children = (
				C32A846811145A6A004AD8CC /* compute.h */,
				C32A846911145A6A004AD8CC /* logging.h */,
				C32A846A11145A6A004AD8CC /* map.h */,
				C32A846B11145A6A004AD8CC /* memory.h */,
				C32A846C11145A6A004AD8CC /* platform.h */,
				C32A846D11145A6A004AD8CC /* profiling.h */,
				C32A846E11145A6A004AD8CC /* session.h */,
				C32A846F11145A6A004AD8CC /* symbol.h */,
			);
			name = Headers;
			path = ../include;
			sourceTree = SOURCE_ROOT;
		};
		C32A849711145B63004AD8CC /* Frameworks */ = {
			isa = PBXGroup;
			children = (
				C32A848011145B47004AD8CC /* OpenCL.framework */,
			);
			name = Frameworks;
			sourceTree = "<group>";
		};
/* End PBXGroup section */

/* Begin PBXHeadersBuildPhase section */
		D2AAC0600554660B00DB518D /* Headers */ = {
			isa = PBXHeadersBuildPhase;
			buildActionMask = 2147483647;
			files = (
				C32A847011145A6A004AD8CC /* compute.h in Headers */,
				C32A847111145A6A004AD8CC /* logging.h in Headers */,
				C32A847211145A6A004AD8CC /* map.h in Headers */,
				C32A847311145A6A004AD8CC /* memory.h in Headers */,
				C32A847411145A6A004AD8CC /* platform.h in Headers */,
				C32A847511145A6A004AD8CC /* profiling.h in Headers */,
				C32A847611145A6A004AD8CC /* session.h in Headers */,
				C32A847711145A6A004AD8CC /* symbol.h in Headers */,
			);
			runOnlyForDeploymentPostprocessing = 0;
		};
/* End PBXHeadersBuildPhase section */

/* Begin PBXNativeTarget section */
		D2AAC0620554660B00DB518D /* compute */ = {
			isa = PBXNativeTarget;
			buildConfigurationList = 1DEB914A08733D8E0010E9CD /* Build configuration list for PBXNativeTarget "compute" */;
			buildPhases = (
				D2AAC0600554660B00DB518D /* Headers */,
				D2AAC0610554660B00DB518D /* Sources */,
				D289988505E68E00004EDB86 /* Frameworks */,
			);
			buildRules = (
			);
			dependencies = (
			);
			name = compute;
			productName = compute;
			productReference = D2AAC0630554660B00DB518D /* libcompute.dylib */;
			productType = "com.apple.product-type.library.dynamic";
		};
/* End PBXNativeTarget section */

/* Begin PBXProject section */
		08FB7793FE84155DC02AAC07 /* Project object */ = {
			isa = PBXProject;
			buildConfigurationList = 1DEB914E08733D8E0010E9CD /* Build configuration list for PBXProject "compute" */;
			compatibilityVersion = "Xcode 3.1";
			hasScannedForEncodings = 1;
			mainGroup = 08FB7794FE84155DC02AAC07 /* compute */;
			projectDirPath = "";
			projectRoot = "";
			targets = (
				D2AAC0620554660B00DB518D /* compute */,
			);
		};
/* End PBXProject section */

/* Begin PBXSourcesBuildPhase section */
		D2AAC0610554660B00DB518D /* Sources */ = {
			isa = PBXSourcesBuildPhase;
			buildActionMask = 2147483647;
			files = (
				C32A846111145A61004AD8CC /* logging.c in Sources */,
				C32A846211145A61004AD8CC /* map.c in Sources */,
				C32A846311145A61004AD8CC /* memory.c in Sources */,
				C32A846411145A61004AD8CC /* profiling.c in Sources */,
				C32A846511145A61004AD8CC /* session.c in Sources */,
				C32A846611145A61004AD8CC /* symbol.c in Sources */,
			);
			runOnlyForDeploymentPostprocessing = 0;
		};
/* End PBXSourcesBuildPhase section */

/* Begin XCBuildConfiguration section */
		1DEB914B08733D8E0010E9CD /* Debug */ = {
			isa = XCBuildConfiguration;
			buildSettings = {
				ALWAYS_SEARCH_USER_PATHS = NO;
				COPY_PHASE_STRIP = NO;
				EXECUTABLE_PREFIX = lib;
				GCC_DYNAMIC_NO_PIC = NO;
				GCC_ENABLE_FIX_AND_CONTINUE = YES;
				GCC_MODEL_TUNING = G5;
				GCC_OPTIMIZATION_LEVEL = 0;
				INSTALL_PATH = /usr/local/lib;
				PRODUCT_NAME = compute;
			};
			name = Debug;
		};
		1DEB914C08733D8E0010E9CD /* Release */ = {
			isa = XCBuildConfiguration;
			buildSettings = {
				ALWAYS_SEARCH_USER_PATHS = NO;
				DEBUG_INFORMATION_FORMAT = "dwarf-with-dsym";
				EXECUTABLE_PREFIX = lib;
				GCC_MODEL_TUNING = G5;
				INSTALL_PATH = /usr/local/lib;
				PRODUCT_NAME = compute;
			};
			name = Release;
		};
		1DEB914F08733D8E0010E9CD /* Debug */ = {
			isa = XCBuildConfiguration;
			buildSettings = {
				ARCHS = "$(ARCHS_STANDARD_32_64_BIT)";
				CONFIGURATION_TEMP_DIR = "$(BUILD_DIR)/$(CONFIGURATION)$(EFFECTIVE_PLATFORM_NAME)";
				GCC_C_LANGUAGE_STANDARD = gnu99;
				GCC_ENABLE_CPP_EXCEPTIONS = NO;
				GCC_ENABLE_CPP_RTTI = NO;
				GCC_ENABLE_OBJC_EXCEPTIONS = NO;
				GCC_OPTIMIZATION_LEVEL = 0;
				GCC_TREAT_WARNINGS_AS_ERRORS = YES;
				GCC_WARN_ABOUT_RETURN_TYPE = YES;
				GCC_WARN_ALLOW_INCOMPLETE_PROTOCOL = NO;
				GCC_WARN_UNUSED_VARIABLE = YES;
				ONLY_ACTIVE_ARCH = YES;
				PREBINDING = NO;
				SDKROOT = macosx10.6;
				SYMROOT = ../build;
			};
			name = Debug;
		};
		1DEB915008733D8E0010E9CD /* Release */ = {
			isa = XCBuildConfiguration;
			buildSettings = {
				ARCHS = "$(ARCHS_STANDARD_32_64_BIT)";
				CONFIGURATION_TEMP_DIR = "$(BUILD_DIR)/$(CONFIGURATION)$(EFFECTIVE_PLATFORM_NAME)";
				GCC_C_LANGUAGE_STANDARD = gnu99;
				GCC_WARN_ABOUT_RETURN_TYPE = YES;
				GCC_WARN_UNUSED_VARIABLE = YES;
				PREBINDING = NO;
				SDKROOT = macosx10.6;
				SYMROOT = ../build;
			};
			name = Release;
		};
/* End XCBuildConfiguration section */

/* Begin XCConfigurationList section */
		1DEB914A08733D8E0010E9CD /* Build configuration list for PBXNativeTarget "compute" */ = {
			isa = XCConfigurationList;
			buildConfigurations = (
				1DEB914B08733D8E0010E9CD /* Debug */,
				1DEB914C08733D8E0010E9CD /* Release */,
			);
			defaultConfigurationIsVisible = 0;
			defaultConfigurationName = Release;
		};
		1DEB914E08733D8E0010E9CD /* Build configuration list for PBXProject "compute" */ = {
			isa = XCConfigurationList;
			buildConfigurations = (
				1DEB914F08733D8E0010E9CD /* Debug */,
				1DEB915008733D8E0010E9CD /* Release */,
			);
			defaultConfigurationIsVisible = 0;
			defaultConfigurationName = Release;
		};
/* End XCConfigurationList section */
	};
	rootObject = 08FB7793FE84155DC02AAC07 /* Project object */;
}
